{
  "name": "bff-core",
  "version": "1.0.0",
  "lockfileVersion": 1,
  "requires": true,
  "dependencies": {
    "@types/lodash": {
      "version": "4.14.191",
      "resolved": "http://r.npm.sankuai.com/@types/lodash/download/@types/lodash-4.14.191.tgz",
      "integrity": "sha1-CVEef3y6J1rNi0Gd2sjammp54vo="
    },
    "lodash": {
      "version": "4.17.21",
      "resolved": "http://r.npm.sankuai.com/lodash/download/lodash-4.17.21.tgz",
      "integrity": "sha1-Z5WRxWTDv/quhFTPCz3zcMPWkRw="
    }
  }
}
