{
  "name": "example",
  "version": "1.0.0",
  "lockfileVersion": 1,
  "requires": true,
  "dependencies": {
    "bff-core": {
      "version": "1.0.0",
      "requires": {
        "@types/lodash": "^4.14.191",
        "lodash": "^4.17.21"
      },
      "dependencies": {
        "@types/lodash": {
          "version": "4.14.191",
          "resolved": "http://r.npm.sankuai.com/@types/lodash/download/@types/lodash-4.14.191.tgz",
          "integrity": "sha1-CVEef3y6J1rNi0Gd2sjammp54vo="
        },
        "lodash": {
          "version": "4.17.21",
          "resolved": "http://r.npm.sankuai.com/lodash/download/lodash-4.17.21.tgz",
          "integrity": "sha1-Z5WRxWTDv/quhFTPCz3zcMPWkRw="
        }
      }
    },
    "depd": {
      "version": "2.0.0",
      "resolved": "http://r.npm.sankuai.com/depd/download/depd-2.0.0.tgz",
      "integrity": "sha1-tpYWPMdXVg0JzyLMj60Vcbeedt8="
    },
    "http-errors": {
      "version": "2.0.0",
      "resolved": "http://r.npm.sankuai.com/http-errors/download/http-errors-2.0.0.tgz",
      "integrity": "sha1-t3dKFIbvc892Z6ya4IWMASxXudM=",
      "requires": {
        "depd": "2.0.0",
        "inherits": "2.0.4",
        "setprototypeof": "1.2.0",
        "statuses": "2.0.1",
        "toidentifier": "1.0.1"
      }
    },
    "inherits": {
      "version": "2.0.4",
      "resolved": "http://r.npm.sankuai.com/inherits/download/inherits-2.0.4.tgz",
      "integrity": "sha1-D6LGT5MpF8NDOg3tVTY6rjdBa3w="
    },
    "koa-compose": {
      "version": "4.1.0",
      "resolved": "http://r.npm.sankuai.com/koa-compose/download/koa-compose-4.1.0.tgz",
      "integrity": "sha1-UHMGuTcZAdtBEhyBLpI9DWfT6Hc="
    },
    "koa-router": {
      "version": "12.0.0",
      "resolved": "http://r.npm.sankuai.com/koa-router/download/koa-router-12.0.0.tgz",
      "integrity": "sha1-lCdt+Meu9CS4Zyiw/0pp3lAFDbw=",
      "requires": {
        "http-errors": "^2.0.0",
        "koa-compose": "^4.1.0",
        "methods": "^1.1.2",
        "path-to-regexp": "^6.2.1"
      }
    },
    "methods": {
      "version": "1.1.2",
      "resolved": "http://r.npm.sankuai.com/methods/download/methods-1.1.2.tgz",
      "integrity": "sha1-VSmk1nZUE07cxSZmVoNbD4Ua/O4="
    },
    "path-to-regexp": {
      "version": "6.2.1",
      "resolved": "http://r.npm.sankuai.com/path-to-regexp/download/path-to-regexp-6.2.1.tgz",
      "integrity": "sha1-1Uk01nmOueXvFOeveWLJRZBpGOU="
    },
    "setprototypeof": {
      "version": "1.2.0",
      "resolved": "http://r.npm.sankuai.com/setprototypeof/download/setprototypeof-1.2.0.tgz",
      "integrity": "sha1-ZsmiSnP5/CjL5msJ/tPTPcrxtCQ="
    },
    "statuses": {
      "version": "2.0.1",
      "resolved": "http://r.npm.sankuai.com/statuses/download/statuses-2.0.1.tgz",
      "integrity": "sha1-VcsADM8dSHKL0jxoWgY5mM8aG2M="
    },
    "toidentifier": {
      "version": "1.0.1",
      "resolved": "http://r.npm.sankuai.com/toidentifier/download/toidentifier-1.0.1.tgz",
      "integrity": "sha1-O+NDIaiKgg7RvYDfqjPkefu43TU="
    }
  }
}
